
Microsoft Visual Studio Solution File, Format Version 12.00
# Visual Studio Version 17
VisualStudioVersion = 17.2.32630.192
MinimumVisualStudioVersion = 10.0.40219.1
Project("{FAE04EC0-301F-11D3-BF4B-00C04F79EFBC}") = "RPGMapTakeTwo_TryingFancyThings", "RPGMapTakeTwo_TryingFancyThings.csproj", "{D2245542-888C-447D-A77C-C58340E3349D}"
EndProject
Global
	GlobalSection(SolutionConfigurationPlatforms) = preSolution
		Debug|Any CPU = Debug|Any CPU
		Release|Any CPU = Release|Any CPU
	EndGlobalSection
	GlobalSection(ProjectConfigurationPlatforms) = postSolution
		{D2245542-888C-447D-A77C-C58340E3349D}.Debug|Any CPU.ActiveCfg = Debug|Any CPU
		{D2245542-888C-447D-A77C-C58340E3349D}.Debug|Any CPU.Build.0 = Debug|Any CPU
		{D2245542-888C-447D-A77C-C58340E3349D}.Release|Any CPU.ActiveCfg = Release|Any CPU
		{D2245542-888C-447D-A77C-C58340E3349D}.Release|Any CPU.Build.0 = Release|Any CPU
	EndGlobalSection
	GlobalSection(SolutionProperties) = preSolution
		HideSolutionNode = FALSE
	EndGlobalSection
	GlobalSection(ExtensibilityGlobals) = postSolution
		SolutionGuid = {2ED50F54-3FD5-4FA8-82E5-E05B876B1F90}
	EndGlobalSection
EndGlobal
